// !$*UTF8*$!
{
	archiveVersion = 1;
	classes = {
	};
	objectVersion = 48;
	objects = {

/* Begin PBXBuildFile section */
		8F1369A875F09A588F6DC19E /* Pods_NetworkLibByRx.framework in Frameworks */ = {isa = PBXBuildFile; fileRef = FF342DF03AB37C2F24FE3BB7 /* Pods_NetworkLibByRx.framework */; };
		C3D6082E203B21F700C084E8 /* AppDelegate.swift in Sources */ = {isa = PBXBuildFile; fileRef = C3D6082D203B21F700C084E8 /* AppDelegate.swift */; };
		C3D60830203B21F700C084E8 /* ViewController.swift in Sources */ = {isa = PBXBuildFile; fileRef = C3D6082F203B21F700C084E8 /* ViewController.swift */; };
		C3D60833203B21F700C084E8 /* Main.storyboard in Resources */ = {isa = PBXBuildFile; fileRef = C3D60831203B21F700C084E8 /* Main.storyboard */; };
		C3D60835203B21F700C084E8 /* Assets.xcassets in Resources */ = {isa = PBXBuildFile; fileRef = C3D60834203B21F700C084E8 /* Assets.xcassets */; };
		C3D60838203B21F700C084E8 /* LaunchScreen.storyboard in Resources */ = {isa = PBXBuildFile; fileRef = C3D60836203B21F700C084E8 /* LaunchScreen.storyboard */; };
		C3D60852203B227000C084E8 /* UserEndpoints.swift in Sources */ = {isa = PBXBuildFile; fileRef = C3D60851203B227000C084E8 /* UserEndpoints.swift */; };
		C3D60855203B22E300C084E8 /* SMUser.swift in Sources */ = {isa = PBXBuildFile; fileRef = C3D60854203B22E300C084E8 /* SMUser.swift */; };
		C3D60857203B26F700C084E8 /* UserManager.swift in Sources */ = {isa = PBXBuildFile; fileRef = C3D60856203B26F700C084E8 /* UserManager.swift */; };
/* End PBXBuildFile section */

/* Begin PBXFileReference section */
		159C9AB57F918F2A8786BA75 /* Pods-NetworkLibByRx.debug.xcconfig */ = {isa = PBXFileReference; includeInIndex = 1; lastKnownFileType = text.xcconfig; name = "Pods-NetworkLibByRx.debug.xcconfig"; path = "Pods/Target Support Files/Pods-NetworkLibByRx/Pods-NetworkLibByRx.debug.xcconfig"; sourceTree = "<group>"; };
		6876B2505833FEA52900F0B8 /* Pods-NetworkLibByRx.release.xcconfig */ = {isa = PBXFileReference; includeInIndex = 1; lastKnownFileType = text.xcconfig; name = "Pods-NetworkLibByRx.release.xcconfig"; path = "Pods/Target Support Files/Pods-NetworkLibByRx/Pods-NetworkLibByRx.release.xcconfig"; sourceTree = "<group>"; };
		C3D6082A203B21F700C084E8 /* NetworkLibByRx.app */ = {isa = PBXFileReference; explicitFileType = wrapper.application; includeInIndex = 0; path = NetworkLibByRx.app; sourceTree = BUILT_PRODUCTS_DIR; };
		C3D6082D203B21F700C084E8 /* AppDelegate.swift */ = {isa = PBXFileReference; lastKnownFileType = sourcecode.swift; path = AppDelegate.swift; sourceTree = "<group>"; };
		C3D6082F203B21F700C084E8 /* ViewController.swift */ = {isa = PBXFileReference; lastKnownFileType = sourcecode.swift; path = ViewController.swift; sourceTree = "<group>"; };
		C3D60832203B21F700C084E8 /* Base */ = {isa = PBXFileReference; lastKnownFileType = file.storyboard; name = Base; path = Base.lproj/Main.storyboard; sourceTree = "<group>"; };
		C3D60834203B21F700C084E8 /* Assets.xcassets */ = {isa = PBXFileReference; lastKnownFileType = folder.assetcatalog; path = Assets.xcassets; sourceTree = "<group>"; };
		C3D60837203B21F700C084E8 /* Base */ = {isa = PBXFileReference; lastKnownFileType = file.storyboard; name = Base; path = Base.lproj/LaunchScreen.storyboard; sourceTree = "<group>"; };
		C3D60839203B21F700C084E8 /* Info.plist */ = {isa = PBXFileReference; lastKnownFileType = text.plist.xml; path = Info.plist; sourceTree = "<group>"; };
		C3D60851203B227000C084E8 /* UserEndpoints.swift */ = {isa = PBXFileReference; lastKnownFileType = sourcecode.swift; path = UserEndpoints.swift; sourceTree = "<group>"; };
		C3D60854203B22E300C084E8 /* SMUser.swift */ = {isa = PBXFileReference; lastKnownFileType = sourcecode.swift; path = SMUser.swift; sourceTree = "<group>"; };
		C3D60856203B26F700C084E8 /* UserManager.swift */ = {isa = PBXFileReference; lastKnownFileType = sourcecode.swift; path = UserManager.swift; sourceTree = "<group>"; };
		FF342DF03AB37C2F24FE3BB7 /* Pods_NetworkLibByRx.framework */ = {isa = PBXFileReference; explicitFileType = wrapper.framework; includeInIndex = 0; path = Pods_NetworkLibByRx.framework; sourceTree = BUILT_PRODUCTS_DIR; };
/* End PBXFileReference section */

/* Begin PBXFrameworksBuildPhase section */
		C3D60827203B21F700C084E8 /* Frameworks */ = {
			isa = PBXFrameworksBuildPhase;
			buildActionMask = 2147483647;
			files = (
				8F1369A875F09A588F6DC19E /* Pods_NetworkLibByRx.framework in Frameworks */,
			);
			runOnlyForDeploymentPostprocessing = 0;
		};
/* End PBXFrameworksBuildPhase section */

/* Begin PBXGroup section */
		4A82F61A7BBF191E8B1D85DB /* Pods */ = {
			isa = PBXGroup;
			children = (
				159C9AB57F918F2A8786BA75 /* Pods-NetworkLibByRx.debug.xcconfig */,
				6876B2505833FEA52900F0B8 /* Pods-NetworkLibByRx.release.xcconfig */,
			);
			name = Pods;
			sourceTree = "<group>";
		};
		C3D60821203B21F700C084E8 = {
			isa = PBXGroup;
			children = (
				C3D6084F203B225200C084E8 /* Lib */,
				C3D6082C203B21F700C084E8 /* NetworkLibByRx */,
				C3D6082B203B21F700C084E8 /* Products */,
				4A82F61A7BBF191E8B1D85DB /* Pods */,
				E40D0898197DF73438535D5A /* Frameworks */,
			);
			sourceTree = "<group>";
		};
		C3D6082B203B21F700C084E8 /* Products */ = {
			isa = PBXGroup;
			children = (
				C3D6082A203B21F700C084E8 /* NetworkLibByRx.app */,
			);
			name = Products;
			sourceTree = "<group>";
		};
		C3D6082C203B21F700C084E8 /* NetworkLibByRx */ = {
			isa = PBXGroup;
			children = (
				C3D6082D203B21F700C084E8 /* AppDelegate.swift */,
				C3D6082F203B21F700C084E8 /* ViewController.swift */,
				C3D60831203B21F700C084E8 /* Main.storyboard */,
				C3D60834203B21F700C084E8 /* Assets.xcassets */,
				C3D60836203B21F700C084E8 /* LaunchScreen.storyboard */,
				C3D60839203B21F700C084E8 /* Info.plist */,
			);
			path = NetworkLibByRx;
			sourceTree = "<group>";
		};
		C3D6084F203B225200C084E8 /* Lib */ = {
			isa = PBXGroup;
			children = (
				C3D60853203B22DB00C084E8 /* Models */,
				C3D60850203B226600C084E8 /* User */,
			);
			name = Lib;
			path = NetworkLibByRx/Lib;
			sourceTree = "<group>";
		};
		C3D60850203B226600C084E8 /* User */ = {
			isa = PBXGroup;
			children = (
				C3D60851203B227000C084E8 /* UserEndpoints.swift */,
				C3D60856203B26F700C084E8 /* UserManager.swift */,
			);
			path = User;
			sourceTree = "<group>";
		};
		C3D60853203B22DB00C084E8 /* Models */ = {
			isa = PBXGroup;
			children = (
				C3D60854203B22E300C084E8 /* SMUser.swift */,
			);
			path = Models;
			sourceTree = "<group>";
		};
		E40D0898197DF73438535D5A /* Frameworks */ = {
			isa = PBXGroup;
			children = (
				FF342DF03AB37C2F24FE3BB7 /* Pods_NetworkLibByRx.framework */,
			);
			name = Frameworks;
			sourceTree = "<group>";
		};
/* End PBXGroup section */

/* Begin PBXNativeTarget section */
		C3D60829203B21F700C084E8 /* NetworkLibByRx */ = {
			isa = PBXNativeTarget;
			buildConfigurationList = C3D6083C203B21F700C084E8 /* Build configuration list for PBXNativeTarget "NetworkLibByRx" */;
			buildPhases = (
				AB06C5810D80BA953BB5CF55 /* [CP] Check Pods Manifest.lock */,
				C3D60826203B21F700C084E8 /* Sources */,
				C3D60827203B21F700C084E8 /* Frameworks */,
				C3D60828203B21F700C084E8 /* Resources */,
				F9D0FDF347E2B7DA5E8616EE /* [CP] Embed Pods Frameworks */,
				D97293DF932B2D9F29C8852E /* [CP] Copy Pods Resources */,
			);
			buildRules = (
			);
			dependencies = (
			);
			name = NetworkLibByRx;
			productName = NetworkLibByRx;
			productReference = C3D6082A203B21F700C084E8 /* NetworkLibByRx.app */;
			productType = "com.apple.product-type.application";
		};
/* End PBXNativeTarget section */

/* Begin PBXProject section */
		C3D60822203B21F700C084E8 /* Project object */ = {
			isa = PBXProject;
			attributes = {
				LastSwiftUpdateCheck = 0920;
				LastUpgradeCheck = 0920;
				ORGANIZATIONNAME = developer;
				TargetAttributes = {
					C3D60829203B21F700C084E8 = {
						CreatedOnToolsVersion = 9.2;
						ProvisioningStyle = Automatic;
					};
				};
			};
			buildConfigurationList = C3D60825203B21F700C084E8 /* Build configuration list for PBXProject "NetworkLibByRx" */;
			compatibilityVersion = "Xcode 8.0";
			developmentRegion = en;
			hasScannedForEncodings = 0;
			knownRegions = (
				en,
				Base,
			);
			mainGroup = C3D60821203B21F700C084E8;
			productRefGroup = C3D6082B203B21F700C084E8 /* Products */;
			projectDirPath = "";
			projectRoot = "";
			targets = (
				C3D60829203B21F700C084E8 /* NetworkLibByRx */,
			);
		};
/* End PBXProject section */

/* Begin PBXResourcesBuildPhase section */
		C3D60828203B21F700C084E8 /* Resources */ = {
			isa = PBXResourcesBuildPhase;
			buildActionMask = 2147483647;
			files = (
				C3D60838203B21F700C084E8 /* LaunchScreen.storyboard in Resources */,
				C3D60835203B21F700C084E8 /* Assets.xcassets in Resources */,
				C3D60833203B21F700C084E8 /* Main.storyboard in Resources */,
			);
			runOnlyForDeploymentPostprocessing = 0;
		};
/* End PBXResourcesBuildPhase section */

/* Begin PBXShellScriptBuildPhase section */
		AB06C5810D80BA953BB5CF55 /* [CP] Check Pods Manifest.lock */ = {
			isa = PBXShellScriptBuildPhase;
			buildActionMask = 2147483647;
			files = (
			);
			inputPaths = (
			);
			name = "[CP] Check Pods Manifest.lock";
			outputPaths = (
			);
			runOnlyForDeploymentPostprocessing = 0;
			shellPath = /bin/sh;
			shellScript = "diff \"${PODS_PODFILE_DIR_PATH}/Podfile.lock\" \"${PODS_ROOT}/Manifest.lock\" > /dev/null\nif [ $? != 0 ] ; then\n    # print error to STDERR\n    echo \"error: The sandbox is not in sync with the Podfile.lock. Run 'pod install' or update your CocoaPods installation.\" >&2\n    exit 1\nfi\n";
			showEnvVarsInLog = 0;
		};
		D97293DF932B2D9F29C8852E /* [CP] Copy Pods Resources */ = {
			isa = PBXShellScriptBuildPhase;
			buildActionMask = 2147483647;
			files = (
			);
			inputPaths = (
			);
			name = "[CP] Copy Pods Resources";
			outputPaths = (
			);
			runOnlyForDeploymentPostprocessing = 0;
			shellPath = /bin/sh;
			shellScript = "\"${SRCROOT}/Pods/Target Support Files/Pods-NetworkLibByRx/Pods-NetworkLibByRx-resources.sh\"\n";
			showEnvVarsInLog = 0;
		};
		F9D0FDF347E2B7DA5E8616EE /* [CP] Embed Pods Frameworks */ = {
			isa = PBXShellScriptBuildPhase;
			buildActionMask = 2147483647;
			files = (
			);
			inputPaths = (
			);
			name = "[CP] Embed Pods Frameworks";
			outputPaths = (
			);
			runOnlyForDeploymentPostprocessing = 0;
			shellPath = /bin/sh;
			shellScript = "\"${SRCROOT}/Pods/Target Support Files/Pods-NetworkLibByRx/Pods-NetworkLibByRx-frameworks.sh\"\n";
			showEnvVarsInLog = 0;
		};
/* End PBXShellScriptBuildPhase section */

/* Begin PBXSourcesBuildPhase section */
		C3D60826203B21F700C084E8 /* Sources */ = {
			isa = PBXSourcesBuildPhase;
			buildActionMask = 2147483647;
			files = (
				C3D60830203B21F700C084E8 /* ViewController.swift in Sources */,
				C3D6082E203B21F700C084E8 /* AppDelegate.swift in Sources */,
				C3D60855203B22E300C084E8 /* SMUser.swift in Sources */,
				C3D60857203B26F700C084E8 /* UserManager.swift in Sources */,
				C3D60852203B227000C084E8 /* UserEndpoints.swift in Sources */,
			);
			runOnlyForDeploymentPostprocessing = 0;
		};
/* End PBXSourcesBuildPhase section */

/* Begin PBXVariantGroup section */
		C3D60831203B21F700C084E8 /* Main.storyboard */ = {
			isa = PBXVariantGroup;
			children = (
				C3D60832203B21F700C084E8 /* Base */,
			);
			name = Main.storyboard;
			sourceTree = "<group>";
		};
		C3D60836203B21F700C084E8 /* LaunchScreen.storyboard */ = {
			isa = PBXVariantGroup;
			children = (
				C3D60837203B21F700C084E8 /* Base */,
			);
			name = LaunchScreen.storyboard;
			sourceTree = "<group>";
		};
/* End PBXVariantGroup section */

/* Begin XCBuildConfiguration section */
		C3D6083A203B21F700C084E8 /* Debug */ = {
			isa = XCBuildConfiguration;
			buildSettings = {
				ALWAYS_SEARCH_USER_PATHS = NO;
				CLANG_ANALYZER_NONNULL = YES;
				CLANG_ANALYZER_NUMBER_OBJECT_CONVERSION = YES_AGGRESSIVE;
				CLANG_CXX_LANGUAGE_STANDARD = "gnu++14";
				CLANG_CXX_LIBRARY = "libc++";
				CLANG_ENABLE_MODULES = YES;
				CLANG_ENABLE_OBJC_ARC = YES;
				CLANG_WARN_BLOCK_CAPTURE_AUTORELEASING = YES;
				CLANG_WARN_BOOL_CONVERSION = YES;
				CLANG_WARN_COMMA = YES;
				CLANG_WARN_CONSTANT_CONVERSION = YES;
				CLANG_WARN_DIRECT_OBJC_ISA_USAGE = YES_ERROR;
				CLANG_WARN_DOCUMENTATION_COMMENTS = YES;
				CLANG_WARN_EMPTY_BODY = YES;
				CLANG_WARN_ENUM_CONVERSION = YES;
				CLANG_WARN_INFINITE_RECURSION = YES;
				CLANG_WARN_INT_CONVERSION = YES;
				CLANG_WARN_NON_LITERAL_NULL_CONVERSION = YES;
				CLANG_WARN_OBJC_LITERAL_CONVERSION = YES;
				CLANG_WARN_OBJC_ROOT_CLASS = YES_ERROR;
				CLANG_WARN_RANGE_LOOP_ANALYSIS = YES;
				CLANG_WARN_STRICT_PROTOTYPES = YES;
				CLANG_WARN_SUSPICIOUS_MOVE = YES;
				CLANG_WARN_UNGUARDED_AVAILABILITY = YES_AGGRESSIVE;
				CLANG_WARN_UNREACHABLE_CODE = YES;
				CLANG_WARN__DUPLICATE_METHOD_MATCH = YES;
				CODE_SIGN_IDENTITY = "iPhone Developer";
				COPY_PHASE_STRIP = NO;
				DEBUG_INFORMATION_FORMAT = dwarf;
				ENABLE_STRICT_OBJC_MSGSEND = YES;
				ENABLE_TESTABILITY = YES;
				GCC_C_LANGUAGE_STANDARD = gnu11;
				GCC_DYNAMIC_NO_PIC = NO;
				GCC_NO_COMMON_BLOCKS = YES;
				GCC_OPTIMIZATION_LEVEL = 0;
				GCC_PREPROCESSOR_DEFINITIONS = (
					"DEBUG=1",
					"$(inherited)",
				);
				GCC_WARN_64_TO_32_BIT_CONVERSION = YES;
				GCC_WARN_ABOUT_RETURN_TYPE = YES_ERROR;
				GCC_WARN_UNDECLARED_SELECTOR = YES;
				GCC_WARN_UNINITIALIZED_AUTOS = YES_AGGRESSIVE;
				GCC_WARN_UNUSED_FUNCTION = YES;
				GCC_WARN_UNUSED_VARIABLE = YES;
				IPHONEOS_DEPLOYMENT_TARGET = 11.2;
				MTL_ENABLE_DEBUG_INFO = YES;
				ONLY_ACTIVE_ARCH = YES;
				SDKROOT = iphoneos;
				SWIFT_ACTIVE_COMPILATION_CONDITIONS = DEBUG;
				SWIFT_OPTIMIZATION_LEVEL = "-Onone";
			};
			name = Debug;
		};
		C3D6083B203B21F700C084E8 /* Release */ = {
			isa = XCBuildConfiguration;
			buildSettings = {
				ALWAYS_SEARCH_USER_PATHS = NO;
				CLANG_ANALYZER_NONNULL = YES;
				CLANG_ANALYZER_NUMBER_OBJECT_CONVERSION = YES_AGGRESSIVE;
				CLANG_CXX_LANGUAGE_STANDARD = "gnu++14";
				CLANG_CXX_LIBRARY = "libc++";
				CLANG_ENABLE_MODULES = YES;
				CLANG_ENABLE_OBJC_ARC = YES;
				CLANG_WARN_BLOCK_CAPTURE_AUTORELEASING = YES;
				CLANG_WARN_BOOL_CONVERSION = YES;
				CLANG_WARN_COMMA = YES;
				CLANG_WARN_CONSTANT_CONVERSION = YES;
				CLANG_WARN_DIRECT_OBJC_ISA_USAGE = YES_ERROR;
				CLANG_WARN_DOCUMENTATION_COMMENTS = YES;
				CLANG_WARN_EMPTY_BODY = YES;
				CLANG_WARN_ENUM_CONVERSION = YES;
				CLANG_WARN_INFINITE_RECURSION = YES;
				CLANG_WARN_INT_CONVERSION = YES;
				CLANG_WARN_NON_LITERAL_NULL_CONVERSION = YES;
				CLANG_WARN_OBJC_LITERAL_CONVERSION = YES;
				CLANG_WARN_OBJC_ROOT_CLASS = YES_ERROR;
				CLANG_WARN_RANGE_LOOP_ANALYSIS = YES;
				CLANG_WARN_STRICT_PROTOTYPES = YES;
				CLANG_WARN_SUSPICIOUS_MOVE = YES;
				CLANG_WARN_UNGUARDED_AVAILABILITY = YES_AGGRESSIVE;
				CLANG_WARN_UNREACHABLE_CODE = YES;
				CLANG_WARN__DUPLICATE_METHOD_MATCH = YES;
				CODE_SIGN_IDENTITY = "iPhone Developer";
				COPY_PHASE_STRIP = NO;
				DEBUG_INFORMATION_FORMAT = "dwarf-with-dsym";
				ENABLE_NS_ASSERTIONS = NO;
				ENABLE_STRICT_OBJC_MSGSEND = YES;
				GCC_C_LANGUAGE_STANDARD = gnu11;
				GCC_NO_COMMON_BLOCKS = YES;
				GCC_WARN_64_TO_32_BIT_CONVERSION = YES;
				GCC_WARN_ABOUT_RETURN_TYPE = YES_ERROR;
				GCC_WARN_UNDECLARED_SELECTOR = YES;
				GCC_WARN_UNINITIALIZED_AUTOS = YES_AGGRESSIVE;
				GCC_WARN_UNUSED_FUNCTION = YES;
				GCC_WARN_UNUSED_VARIABLE = YES;
				IPHONEOS_DEPLOYMENT_TARGET = 11.2;
				MTL_ENABLE_DEBUG_INFO = NO;
				SDKROOT = iphoneos;
				SWIFT_OPTIMIZATION_LEVEL = "-Owholemodule";
				VALIDATE_PRODUCT = YES;
			};
			name = Release;
		};
		C3D6083D203B21F700C084E8 /* Debug */ = {
			isa = XCBuildConfiguration;
			baseConfigurationReference = 159C9AB57F918F2A8786BA75 /* Pods-NetworkLibByRx.debug.xcconfig */;
			buildSettings = {
				ASSETCATALOG_COMPILER_APPICON_NAME = AppIcon;
				CODE_SIGN_STYLE = Automatic;
				INFOPLIST_FILE = NetworkLibByRx/Info.plist;
				LD_RUNPATH_SEARCH_PATHS = "$(inherited) @executable_path/Frameworks";
				PRODUCT_BUNDLE_IDENTIFIER = com.developer.demo1.NetworkLibByRx;
				PRODUCT_NAME = "$(TARGET_NAME)";
				SWIFT_VERSION = 4.0;
				TARGETED_DEVICE_FAMILY = "1,2";
			};
			name = Debug;
		};
		C3D6083E203B21F700C084E8 /* Release */ = {
			isa = XCBuildConfiguration;
			baseConfigurationReference = 6876B2505833FEA52900F0B8 /* Pods-NetworkLibByRx.release.xcconfig */;
			buildSettings = {
				ASSETCATALOG_COMPILER_APPICON_NAME = AppIcon;
				CODE_SIGN_STYLE = Automatic;
				INFOPLIST_FILE = NetworkLibByRx/Info.plist;
				LD_RUNPATH_SEARCH_PATHS = "$(inherited) @executable_path/Frameworks";
				PRODUCT_BUNDLE_IDENTIFIER = com.developer.demo1.NetworkLibByRx;
				PRODUCT_NAME = "$(TARGET_NAME)";
				SWIFT_VERSION = 4.0;
				TARGETED_DEVICE_FAMILY = "1,2";
			};
			name = Release;
		};
/* End XCBuildConfiguration section */

/* Begin XCConfigurationList section */
		C3D60825203B21F700C084E8 /* Build configuration list for PBXProject "NetworkLibByRx" */ = {
			isa = XCConfigurationList;
			buildConfigurations = (
				C3D6083A203B21F700C084E8 /* Debug */,
				C3D6083B203B21F700C084E8 /* Release */,
			);
			defaultConfigurationIsVisible = 0;
			defaultConfigurationName = Release;
		};
		C3D6083C203B21F700C084E8 /* Build configuration list for PBXNativeTarget "NetworkLibByRx" */ = {
			isa = XCConfigurationList;
			buildConfigurations = (
				C3D6083D203B21F700C084E8 /* Debug */,
				C3D6083E203B21F700C084E8 /* Release */,
			);
			defaultConfigurationIsVisible = 0;
			defaultConfigurationName = Release;
		};
/* End XCConfigurationList section */
	};
	rootObject = C3D60822203B21F700C084E8 /* Project object */;
}
